
Microsoft Visual Studio Solution File, Format Version 12.00
# Visual Studio 15
VisualStudioVersion = 15.0.28307.271
MinimumVisualStudioVersion = 10.0.40219.1
Project("{FAE04EC0-301F-11D3-BF4B-00C04F79EFBC}") = "Netease-Get", "Netease-Get.csproj", "{0E730432-2769-46B6-94A6-EDB3E3F37FAC}"
EndProject
Global
	GlobalSection(SolutionConfigurationPlatforms) = preSolution
		Debug|Any CPU = Debug|Any CPU
		Release|Any CPU = Release|Any CPU
	EndGlobalSection
	GlobalSection(ProjectConfigurationPlatforms) = postSolution
		{0E730432-2769-46B6-94A6-EDB3E3F37FAC}.Debug|Any CPU.ActiveCfg = Debug|Any CPU
		{0E730432-2769-46B6-94A6-EDB3E3F37FAC}.Debug|Any CPU.Build.0 = Debug|Any CPU
		{0E730432-2769-46B6-94A6-EDB3E3F37FAC}.Release|Any CPU.ActiveCfg = Release|Any CPU
		{0E730432-2769-46B6-94A6-EDB3E3F37FAC}.Release|Any CPU.Build.0 = Release|Any CPU
	EndGlobalSection
	GlobalSection(SolutionProperties) = preSolution
		HideSolutionNode = FALSE
	EndGlobalSection
	GlobalSection(ExtensibilityGlobals) = postSolution
		SolutionGuid = {4AC469B7-D9A7-4D81-AFB1-633EAE58D78B}
	EndGlobalSection
EndGlobal
